
Microsoft Visual Studio Solution File, Format Version 12.00
# Visual Studio Version 16
VisualStudioVersion = 16.0.29709.97
MinimumVisualStudioVersion = 10.0.40219.1
Project("{FAE04EC0-301F-11D3-BF4B-00C04F79EFBC}") = "MocsArcadeLauncherWPF", "MocsArcadeLauncher\MocsArcadeLauncherWPF.csproj", "{A0BC9EBA-AB59-40A4-8C92-64D9EACEE8DF}"
EndProject
Global
	GlobalSection(SolutionConfigurationPlatforms) = preSolution
		Debug|Any CPU = Debug|Any CPU
		Release|Any CPU = Release|Any CPU
	EndGlobalSection
	GlobalSection(ProjectConfigurationPlatforms) = postSolution
		{A0BC9EBA-AB59-40A4-8C92-64D9EACEE8DF}.Debug|Any CPU.ActiveCfg = Debug|Any CPU
		{A0BC9EBA-AB59-40A4-8C92-64D9EACEE8DF}.Debug|Any CPU.Build.0 = Debug|Any CPU
		{A0BC9EBA-AB59-40A4-8C92-64D9EACEE8DF}.Release|Any CPU.ActiveCfg = Release|Any CPU
		{A0BC9EBA-AB59-40A4-8C92-64D9EACEE8DF}.Release|Any CPU.Build.0 = Release|Any CPU
	EndGlobalSection
	GlobalSection(SolutionProperties) = preSolution
		HideSolutionNode = FALSE
	EndGlobalSection
	GlobalSection(ExtensibilityGlobals) = postSolution
		SolutionGuid = {A768B6DC-0083-4DAC-8048-7D8668D2EA2C}
	EndGlobalSection
EndGlobal
